// !$*UTF8*$!
{
	archiveVersion = 1;
	classes = {
	};
	objectVersion = 56;
	objects = {

/* Begin PBXBuildFile section */
		9A4CFB162AF353FA00EC29DB /* WorkoutView.swift in Sources */ = {isa = PBXBuildFile; fileRef = 9A4CFB152AF353FA00EC29DB /* WorkoutView.swift */; };
		9A4CFB182AF36FE100EC29DB /* UserDataClass.swift in Sources */ = {isa = PBXBuildFile; fileRef = 9A4CFB172AF36FE100EC29DB /* UserDataClass.swift */; };
		9A83A1662B12AAB800D703F3 /* GoogleService-Info.plist in Resources */ = {isa = PBXBuildFile; fileRef = 9A83A1652B12AAB800D703F3 /* GoogleService-Info.plist */; };
		9A83A1692B12ABFF00D703F3 /* FirebaseAnalytics in Frameworks */ = {isa = PBXBuildFile; productRef = 9A83A1682B12ABFF00D703F3 /* FirebaseAnalytics */; };
		9A83A16B2B12BB9600D703F3 /* FirebaseAnalyticsSwift in Frameworks */ = {isa = PBXBuildFile; productRef = 9A83A16A2B12BB9500D703F3 /* FirebaseAnalyticsSwift */; };
		9A91704F2AF0F231007BC106 /* WorkUpApp.swift in Sources */ = {isa = PBXBuildFile; fileRef = 9A91704E2AF0F231007BC106 /* WorkUpApp.swift */; };
		9A9170512AF0F231007BC106 /* ContentView.swift in Sources */ = {isa = PBXBuildFile; fileRef = 9A9170502AF0F231007BC106 /* ContentView.swift */; };
		9A9170532AF0F237007BC106 /* Assets.xcassets in Resources */ = {isa = PBXBuildFile; fileRef = 9A9170522AF0F237007BC106 /* Assets.xcassets */; };
		9A9170562AF0F237007BC106 /* Preview Assets.xcassets in Resources */ = {isa = PBXBuildFile; fileRef = 9A9170552AF0F237007BC106 /* Preview Assets.xcassets */; };
		9A9170602AF0F238007BC106 /* WorkUpTests.swift in Sources */ = {isa = PBXBuildFile; fileRef = 9A91705F2AF0F238007BC106 /* WorkUpTests.swift */; };
		9A91706A2AF0F238007BC106 /* WorkUpUITests.swift in Sources */ = {isa = PBXBuildFile; fileRef = 9A9170692AF0F238007BC106 /* WorkUpUITests.swift */; };
		9A91706C2AF0F238007BC106 /* WorkUpUITestsLaunchTests.swift in Sources */ = {isa = PBXBuildFile; fileRef = 9A91706B2AF0F238007BC106 /* WorkUpUITestsLaunchTests.swift */; };
		9A9170792AF0F531007BC106 /* LoginView.swift in Sources */ = {isa = PBXBuildFile; fileRef = 9A9170782AF0F531007BC106 /* LoginView.swift */; };
		9AA8C9F62AF188BE00CC4948 /* CreateAccountView.swift in Sources */ = {isa = PBXBuildFile; fileRef = 9AA8C9F52AF188BE00CC4948 /* CreateAccountView.swift */; };
		9AA8C9FB2AF194D500CC4948 /* FSCalendar in Frameworks */ = {isa = PBXBuildFile; productRef = 9AA8C9FA2AF194D500CC4948 /* FSCalendar */; };
		9AA8CA012AF1DAD400CC4948 /* CalendarView.swift in Sources */ = {isa = PBXBuildFile; fileRef = 9AA8C9FE2AF1965200CC4948 /* CalendarView.swift */; };
		9ADDFAC82B12EAF5008B9E7B /* FirebaseAuth in Frameworks */ = {isa = PBXBuildFile; productRef = 9ADDFAC72B12EAF5008B9E7B /* FirebaseAuth */; };
		9ADDFACA2B12ED16008B9E7B /* AuthenticationManager.swift in Sources */ = {isa = PBXBuildFile; fileRef = 9ADDFAC92B12ED16008B9E7B /* AuthenticationManager.swift */; };
		9ADDFACE2B13E2CC008B9E7B /* SettingsView.swift in Sources */ = {isa = PBXBuildFile; fileRef = 9ADDFACD2B13E2CC008B9E7B /* SettingsView.swift */; };
		9ADDFAD02B16C0E7008B9E7B /* FirebaseFirestore in Frameworks */ = {isa = PBXBuildFile; productRef = 9ADDFACF2B16C0E6008B9E7B /* FirebaseFirestore */; };
		9ADDFAD22B16C0E7008B9E7B /* FirebaseFirestoreSwift in Frameworks */ = {isa = PBXBuildFile; productRef = 9ADDFAD12B16C0E7008B9E7B /* FirebaseFirestoreSwift */; };
		9ADDFAD52B16C2C6008B9E7B /* ProfileView.swift in Sources */ = {isa = PBXBuildFile; fileRef = 9ADDFAD42B16C2C6008B9E7B /* ProfileView.swift */; };
		9ADDFAD82B16E248008B9E7B /* UserManager.swift in Sources */ = {isa = PBXBuildFile; fileRef = 9ADDFAD72B16E248008B9E7B /* UserManager.swift */; };
		9ADDFADA2B183431008B9E7B /* CalendarManager.swift in Sources */ = {isa = PBXBuildFile; fileRef = 9ADDFAD92B183431008B9E7B /* CalendarManager.swift */; };
		9ADDFAE22B189A12008B9E7B /* CalorieTrackerViewModel.swift in Sources */ = {isa = PBXBuildFile; fileRef = 9ADDFAE12B189A12008B9E7B /* CalorieTrackerViewModel.swift */; };
		9ADDFAE42B189B3E008B9E7B /* WorkoutPresetViewModel.swift in Sources */ = {isa = PBXBuildFile; fileRef = 9ADDFAE32B189B3E008B9E7B /* WorkoutPresetViewModel.swift */; };
		9ADDFAE62B18A877008B9E7B /* WorkoutTrackerViewModel.swift in Sources */ = {isa = PBXBuildFile; fileRef = 9ADDFAE52B18A877008B9E7B /* WorkoutTrackerViewModel.swift */; };
		9ADDFAE82B1919FB008B9E7B /* AddMealView.swift in Sources */ = {isa = PBXBuildFile; fileRef = 9ADDFAE72B1919FB008B9E7B /* AddMealView.swift */; };
		9ADDFAEA2B191A1D008B9E7B /* CalorieTrackerView.swift in Sources */ = {isa = PBXBuildFile; fileRef = 9ADDFAE92B191A1D008B9E7B /* CalorieTrackerView.swift */; };
/* End PBXBuildFile section */

/* Begin PBXContainerItemProxy section */
		9A91705C2AF0F238007BC106 /* PBXContainerItemProxy */ = {
			isa = PBXContainerItemProxy;
			containerPortal = 9A9170432AF0F231007BC106 /* Project object */;
			proxyType = 1;
			remoteGlobalIDString = 9A91704A2AF0F231007BC106;
			remoteInfo = WorkUp;
		};
		9A9170662AF0F238007BC106 /* PBXContainerItemProxy */ = {
			isa = PBXContainerItemProxy;
			containerPortal = 9A9170432AF0F231007BC106 /* Project object */;
			proxyType = 1;
			remoteGlobalIDString = 9A91704A2AF0F231007BC106;
			remoteInfo = WorkUp;
		};
/* End PBXContainerItemProxy section */

/* Begin PBXFileReference section */
		9A4CFB152AF353FA00EC29DB /* WorkoutView.swift */ = {isa = PBXFileReference; lastKnownFileType = sourcecode.swift; path = WorkoutView.swift; sourceTree = "<group>"; };
		9A4CFB172AF36FE100EC29DB /* UserDataClass.swift */ = {isa = PBXFileReference; lastKnownFileType = sourcecode.swift; path = UserDataClass.swift; sourceTree = "<group>"; };
		9A83A1652B12AAB800D703F3 /* GoogleService-Info.plist */ = {isa = PBXFileReference; fileEncoding = 4; lastKnownFileType = text.plist.xml; path = "GoogleService-Info.plist"; sourceTree = "<group>"; };
		9A91704B2AF0F231007BC106 /* WorkUp.app */ = {isa = PBXFileReference; explicitFileType = wrapper.application; includeInIndex = 0; path = WorkUp.app; sourceTree = BUILT_PRODUCTS_DIR; };
		9A91704E2AF0F231007BC106 /* WorkUpApp.swift */ = {isa = PBXFileReference; lastKnownFileType = sourcecode.swift; path = WorkUpApp.swift; sourceTree = "<group>"; };
		9A9170502AF0F231007BC106 /* ContentView.swift */ = {isa = PBXFileReference; lastKnownFileType = sourcecode.swift; path = ContentView.swift; sourceTree = "<group>"; };
		9A9170522AF0F237007BC106 /* Assets.xcassets */ = {isa = PBXFileReference; lastKnownFileType = folder.assetcatalog; path = Assets.xcassets; sourceTree = "<group>"; };
		9A9170552AF0F237007BC106 /* Preview Assets.xcassets */ = {isa = PBXFileReference; lastKnownFileType = folder.assetcatalog; path = "Preview Assets.xcassets"; sourceTree = "<group>"; };
		9A91705B2AF0F238007BC106 /* WorkUpTests.xctest */ = {isa = PBXFileReference; explicitFileType = wrapper.cfbundle; includeInIndex = 0; path = WorkUpTests.xctest; sourceTree = BUILT_PRODUCTS_DIR; };
		9A91705F2AF0F238007BC106 /* WorkUpTests.swift */ = {isa = PBXFileReference; lastKnownFileType = sourcecode.swift; path = WorkUpTests.swift; sourceTree = "<group>"; };
		9A9170652AF0F238007BC106 /* WorkUpUITests.xctest */ = {isa = PBXFileReference; explicitFileType = wrapper.cfbundle; includeInIndex = 0; path = WorkUpUITests.xctest; sourceTree = BUILT_PRODUCTS_DIR; };
		9A9170692AF0F238007BC106 /* WorkUpUITests.swift */ = {isa = PBXFileReference; lastKnownFileType = sourcecode.swift; path = WorkUpUITests.swift; sourceTree = "<group>"; };
		9A91706B2AF0F238007BC106 /* WorkUpUITestsLaunchTests.swift */ = {isa = PBXFileReference; lastKnownFileType = sourcecode.swift; path = WorkUpUITestsLaunchTests.swift; sourceTree = "<group>"; };
		9A9170782AF0F531007BC106 /* LoginView.swift */ = {isa = PBXFileReference; lastKnownFileType = sourcecode.swift; path = LoginView.swift; sourceTree = "<group>"; };
		9A91707F2AF0F94A007BC106 /* openSans.ttf */ = {isa = PBXFileReference; lastKnownFileType = file; name = openSans.ttf; path = WorkUp/Open_Sans/openSans.ttf; sourceTree = SOURCE_ROOT; };
		9AA8C9F52AF188BE00CC4948 /* CreateAccountView.swift */ = {isa = PBXFileReference; lastKnownFileType = sourcecode.swift; path = CreateAccountView.swift; sourceTree = "<group>"; };
		9AA8C9FE2AF1965200CC4948 /* CalendarView.swift */ = {isa = PBXFileReference; lastKnownFileType = sourcecode.swift; path = CalendarView.swift; sourceTree = "<group>"; };
		9ADDFAC92B12ED16008B9E7B /* AuthenticationManager.swift */ = {isa = PBXFileReference; lastKnownFileType = sourcecode.swift; path = AuthenticationManager.swift; sourceTree = "<group>"; };
		9ADDFACD2B13E2CC008B9E7B /* SettingsView.swift */ = {isa = PBXFileReference; lastKnownFileType = sourcecode.swift; path = SettingsView.swift; sourceTree = "<group>"; };
		9ADDFAD42B16C2C6008B9E7B /* ProfileView.swift */ = {isa = PBXFileReference; lastKnownFileType = sourcecode.swift; path = ProfileView.swift; sourceTree = "<group>"; };
		9ADDFAD72B16E248008B9E7B /* UserManager.swift */ = {isa = PBXFileReference; lastKnownFileType = sourcecode.swift; path = UserManager.swift; sourceTree = "<group>"; };
		9ADDFAD92B183431008B9E7B /* CalendarManager.swift */ = {isa = PBXFileReference; lastKnownFileType = sourcecode.swift; path = CalendarManager.swift; sourceTree = "<group>"; };
		9ADDFAE12B189A12008B9E7B /* CalorieTrackerViewModel.swift */ = {isa = PBXFileReference; lastKnownFileType = sourcecode.swift; path = CalorieTrackerViewModel.swift; sourceTree = "<group>"; };
		9ADDFAE32B189B3E008B9E7B /* WorkoutPresetViewModel.swift */ = {isa = PBXFileReference; lastKnownFileType = sourcecode.swift; path = WorkoutPresetViewModel.swift; sourceTree = "<group>"; };
		9ADDFAE52B18A877008B9E7B /* WorkoutTrackerViewModel.swift */ = {isa = PBXFileReference; lastKnownFileType = sourcecode.swift; path = WorkoutTrackerViewModel.swift; sourceTree = "<group>"; };
		9ADDFAE72B1919FB008B9E7B /* AddMealView.swift */ = {isa = PBXFileReference; lastKnownFileType = sourcecode.swift; path = AddMealView.swift; sourceTree = "<group>"; };
		9ADDFAE92B191A1D008B9E7B /* CalorieTrackerView.swift */ = {isa = PBXFileReference; lastKnownFileType = sourcecode.swift; path = CalorieTrackerView.swift; sourceTree = "<group>"; };
/* End PBXFileReference section */

/* Begin PBXFrameworksBuildPhase section */
		9A9170482AF0F231007BC106 /* Frameworks */ = {
			isa = PBXFrameworksBuildPhase;
			buildActionMask = 2147483647;
			files = (
				9A83A16B2B12BB9600D703F3 /* FirebaseAnalyticsSwift in Frameworks */,
				9A83A1692B12ABFF00D703F3 /* FirebaseAnalytics in Frameworks */,
				9AA8C9FB2AF194D500CC4948 /* FSCalendar in Frameworks */,
				9ADDFAD02B16C0E7008B9E7B /* FirebaseFirestore in Frameworks */,
				9ADDFAC82B12EAF5008B9E7B /* FirebaseAuth in Frameworks */,
				9ADDFAD22B16C0E7008B9E7B /* FirebaseFirestoreSwift in Frameworks */,
			);
			runOnlyForDeploymentPostprocessing = 0;
		};
		9A9170582AF0F238007BC106 /* Frameworks */ = {
			isa = PBXFrameworksBuildPhase;
			buildActionMask = 2147483647;
			files = (
			);
			runOnlyForDeploymentPostprocessing = 0;
		};
		9A9170622AF0F238007BC106 /* Frameworks */ = {
			isa = PBXFrameworksBuildPhase;
			buildActionMask = 2147483647;
			files = (
			);
			runOnlyForDeploymentPostprocessing = 0;
		};
/* End PBXFrameworksBuildPhase section */

/* Begin PBXGroup section */
		9A9170422AF0F231007BC106 = {
			isa = PBXGroup;
			children = (
				9ADDFAC92B12ED16008B9E7B /* AuthenticationManager.swift */,
				9A91704D2AF0F231007BC106 /* WorkUp */,
				9A91705E2AF0F238007BC106 /* WorkUpTests */,
				9A9170682AF0F238007BC106 /* WorkUpUITests */,
				9A91704C2AF0F231007BC106 /* Products */,
				9ADDFAC62B12EAF5008B9E7B /* Frameworks */,
			);
			sourceTree = "<group>";
		};
		9A91704C2AF0F231007BC106 /* Products */ = {
			isa = PBXGroup;
			children = (
				9A91704B2AF0F231007BC106 /* WorkUp.app */,
				9A91705B2AF0F238007BC106 /* WorkUpTests.xctest */,
				9A9170652AF0F238007BC106 /* WorkUpUITests.xctest */,
			);
			name = Products;
			sourceTree = "<group>";
		};
		9A91704D2AF0F231007BC106 /* WorkUp */ = {
			isa = PBXGroup;
			children = (
				9ADDFAD62B16E22A008B9E7B /* Firestore */,
				9ADDFAD32B16C29F008B9E7B /* Profile */,
				9A91707F2AF0F94A007BC106 /* openSans.ttf */,
				9A91704E2AF0F231007BC106 /* WorkUpApp.swift */,
				9A9170502AF0F231007BC106 /* ContentView.swift */,
				9A83A1652B12AAB800D703F3 /* GoogleService-Info.plist */,
				9A9170522AF0F237007BC106 /* Assets.xcassets */,
				9A9170542AF0F237007BC106 /* Preview Content */,
				9A9170782AF0F531007BC106 /* LoginView.swift */,
				9AA8C9F52AF188BE00CC4948 /* CreateAccountView.swift */,
				9AA8C9FE2AF1965200CC4948 /* CalendarView.swift */,
				9A4CFB152AF353FA00EC29DB /* WorkoutView.swift */,
				9A4CFB172AF36FE100EC29DB /* UserDataClass.swift */,
				9ADDFACD2B13E2CC008B9E7B /* SettingsView.swift */,
				9ADDFAD92B183431008B9E7B /* CalendarManager.swift */,
				9ADDFAE12B189A12008B9E7B /* CalorieTrackerViewModel.swift */,
				9ADDFAE32B189B3E008B9E7B /* WorkoutPresetViewModel.swift */,
				9ADDFAE52B18A877008B9E7B /* WorkoutTrackerViewModel.swift */,
				9ADDFAE72B1919FB008B9E7B /* AddMealView.swift */,
				9ADDFAE92B191A1D008B9E7B /* CalorieTrackerView.swift */,
			);
			path = WorkUp;
			sourceTree = "<group>";
		};
		9A9170542AF0F237007BC106 /* Preview Content */ = {
			isa = PBXGroup;
			children = (
				9A9170552AF0F237007BC106 /* Preview Assets.xcassets */,
			);
			path = "Preview Content";
			sourceTree = "<group>";
		};
		9A91705E2AF0F238007BC106 /* WorkUpTests */ = {
			isa = PBXGroup;
			children = (
				9A91705F2AF0F238007BC106 /* WorkUpTests.swift */,
			);
			path = WorkUpTests;
			sourceTree = "<group>";
		};
		9A9170682AF0F238007BC106 /* WorkUpUITests */ = {
			isa = PBXGroup;
			children = (
				9A9170692AF0F238007BC106 /* WorkUpUITests.swift */,
				9A91706B2AF0F238007BC106 /* WorkUpUITestsLaunchTests.swift */,
			);
			path = WorkUpUITests;
			sourceTree = "<group>";
		};
		9ADDFAC62B12EAF5008B9E7B /* Frameworks */ = {
			isa = PBXGroup;
			children = (
			);
			name = Frameworks;
			sourceTree = "<group>";
		};
		9ADDFAD32B16C29F008B9E7B /* Profile */ = {
			isa = PBXGroup;
			children = (
				9ADDFAD42B16C2C6008B9E7B /* ProfileView.swift */,
			);
			path = Profile;
			sourceTree = "<group>";
		};
		9ADDFAD62B16E22A008B9E7B /* Firestore */ = {
			isa = PBXGroup;
			children = (
				9ADDFAD72B16E248008B9E7B /* UserManager.swift */,
			);
			path = Firestore;
			sourceTree = "<group>";
		};
/* End PBXGroup section */

/* Begin PBXNativeTarget section */
		9A91704A2AF0F231007BC106 /* WorkUp */ = {
			isa = PBXNativeTarget;
			buildConfigurationList = 9A91706F2AF0F238007BC106 /* Build configuration list for PBXNativeTarget "WorkUp" */;
			buildPhases = (
				9A9170472AF0F231007BC106 /* Sources */,
				9A9170482AF0F231007BC106 /* Frameworks */,
				9A9170492AF0F231007BC106 /* Resources */,
			);
			buildRules = (
			);
			dependencies = (
			);
			name = WorkUp;
			packageProductDependencies = (
				9AA8C9FA2AF194D500CC4948 /* FSCalendar */,
				9A83A1682B12ABFF00D703F3 /* FirebaseAnalytics */,
				9A83A16A2B12BB9500D703F3 /* FirebaseAnalyticsSwift */,
				9ADDFAC72B12EAF5008B9E7B /* FirebaseAuth */,
				9ADDFACF2B16C0E6008B9E7B /* FirebaseFirestore */,
				9ADDFAD12B16C0E7008B9E7B /* FirebaseFirestoreSwift */,
			);
			productName = WorkUp;
			productReference = 9A91704B2AF0F231007BC106 /* WorkUp.app */;
			productType = "com.apple.product-type.application";
		};
		9A91705A2AF0F238007BC106 /* WorkUpTests */ = {
			isa = PBXNativeTarget;
			buildConfigurationList = 9A9170722AF0F238007BC106 /* Build configuration list for PBXNativeTarget "WorkUpTests" */;
			buildPhases = (
				9A9170572AF0F238007BC106 /* Sources */,
				9A9170582AF0F238007BC106 /* Frameworks */,
				9A9170592AF0F238007BC106 /* Resources */,
			);
			buildRules = (
			);
			dependencies = (
				9A91705D2AF0F238007BC106 /* PBXTargetDependency */,
			);
			name = WorkUpTests;
			productName = WorkUpTests;
			productReference = 9A91705B2AF0F238007BC106 /* WorkUpTests.xctest */;
			productType = "com.apple.product-type.bundle.unit-test";
		};
		9A9170642AF0F238007BC106 /* WorkUpUITests */ = {
			isa = PBXNativeTarget;
			buildConfigurationList = 9A9170752AF0F238007BC106 /* Build configuration list for PBXNativeTarget "WorkUpUITests" */;
			buildPhases = (
				9A9170612AF0F238007BC106 /* Sources */,
				9A9170622AF0F238007BC106 /* Frameworks */,
				9A9170632AF0F238007BC106 /* Resources */,
			);
			buildRules = (
			);
			dependencies = (
				9A9170672AF0F238007BC106 /* PBXTargetDependency */,
			);
			name = WorkUpUITests;
			productName = WorkUpUITests;
			productReference = 9A9170652AF0F238007BC106 /* WorkUpUITests.xctest */;
			productType = "com.apple.product-type.bundle.ui-testing";
		};
/* End PBXNativeTarget section */

/* Begin PBXProject section */
		9A9170432AF0F231007BC106 /* Project object */ = {
			isa = PBXProject;
			attributes = {
				BuildIndependentTargetsInParallel = 1;
				LastSwiftUpdateCheck = 1500;
				LastUpgradeCheck = 1500;
				TargetAttributes = {
					9A91704A2AF0F231007BC106 = {
						CreatedOnToolsVersion = 15.0.1;
					};
					9A91705A2AF0F238007BC106 = {
						CreatedOnToolsVersion = 15.0.1;
						TestTargetID = 9A91704A2AF0F231007BC106;
					};
					9A9170642AF0F238007BC106 = {
						CreatedOnToolsVersion = 15.0.1;
						TestTargetID = 9A91704A2AF0F231007BC106;
					};
				};
			};
			buildConfigurationList = 9A9170462AF0F231007BC106 /* Build configuration list for PBXProject "WorkUp" */;
			compatibilityVersion = "Xcode 14.0";
			developmentRegion = en;
			hasScannedForEncodings = 0;
			knownRegions = (
				en,
				Base,
			);
			mainGroup = 9A9170422AF0F231007BC106;
			packageReferences = (
				9AA8C9F92AF194D500CC4948 /* XCRemoteSwiftPackageReference "FSCalendar" */,
				9A83A1672B12ABFF00D703F3 /* XCRemoteSwiftPackageReference "firebase-ios-sdk" */,
			);
			productRefGroup = 9A91704C2AF0F231007BC106 /* Products */;
			projectDirPath = "";
			projectRoot = "";
			targets = (
				9A91704A2AF0F231007BC106 /* WorkUp */,
				9A91705A2AF0F238007BC106 /* WorkUpTests */,
				9A9170642AF0F238007BC106 /* WorkUpUITests */,
			);
		};
/* End PBXProject section */

/* Begin PBXResourcesBuildPhase section */
		9A9170492AF0F231007BC106 /* Resources */ = {
			isa = PBXResourcesBuildPhase;
			buildActionMask = 2147483647;
			files = (
				9A9170562AF0F237007BC106 /* Preview Assets.xcassets in Resources */,
				9A9170532AF0F237007BC106 /* Assets.xcassets in Resources */,
				9A83A1662B12AAB800D703F3 /* GoogleService-Info.plist in Resources */,
			);
			runOnlyForDeploymentPostprocessing = 0;
		};
		9A9170592AF0F238007BC106 /* Resources */ = {
			isa = PBXResourcesBuildPhase;
			buildActionMask = 2147483647;
			files = (
			);
			runOnlyForDeploymentPostprocessing = 0;
		};
		9A9170632AF0F238007BC106 /* Resources */ = {
			isa = PBXResourcesBuildPhase;
			buildActionMask = 2147483647;
			files = (
			);
			runOnlyForDeploymentPostprocessing = 0;
		};
/* End PBXResourcesBuildPhase section */

/* Begin PBXSourcesBuildPhase section */
		9A9170472AF0F231007BC106 /* Sources */ = {
			isa = PBXSourcesBuildPhase;
			buildActionMask = 2147483647;
			files = (
				9ADDFAE62B18A877008B9E7B /* WorkoutTrackerViewModel.swift in Sources */,
				9AA8CA012AF1DAD400CC4948 /* CalendarView.swift in Sources */,
				9ADDFAE42B189B3E008B9E7B /* WorkoutPresetViewModel.swift in Sources */,
				9ADDFACA2B12ED16008B9E7B /* AuthenticationManager.swift in Sources */,
				9ADDFAD52B16C2C6008B9E7B /* ProfileView.swift in Sources */,
				9A9170792AF0F531007BC106 /* LoginView.swift in Sources */,
				9ADDFACE2B13E2CC008B9E7B /* SettingsView.swift in Sources */,
				9A9170512AF0F231007BC106 /* ContentView.swift in Sources */,
				9AA8C9F62AF188BE00CC4948 /* CreateAccountView.swift in Sources */,
				9A4CFB182AF36FE100EC29DB /* UserDataClass.swift in Sources */,
				9ADDFAEA2B191A1D008B9E7B /* CalorieTrackerView.swift in Sources */,
				9A4CFB162AF353FA00EC29DB /* WorkoutView.swift in Sources */,
				9ADDFADA2B183431008B9E7B /* CalendarManager.swift in Sources */,
				9ADDFAD82B16E248008B9E7B /* UserManager.swift in Sources */,
				9A91704F2AF0F231007BC106 /* WorkUpApp.swift in Sources */,
				9ADDFAE22B189A12008B9E7B /* CalorieTrackerViewModel.swift in Sources */,
				9ADDFAE82B1919FB008B9E7B /* AddMealView.swift in Sources */,
			);
			runOnlyForDeploymentPostprocessing = 0;
		};
		9A9170572AF0F238007BC106 /* Sources */ = {
			isa = PBXSourcesBuildPhase;
			buildActionMask = 2147483647;
			files = (
				9A9170602AF0F238007BC106 /* WorkUpTests.swift in Sources */,
			);
			runOnlyForDeploymentPostprocessing = 0;
		};
		9A9170612AF0F238007BC106 /* Sources */ = {
			isa = PBXSourcesBuildPhase;
			buildActionMask = 2147483647;
			files = (
				9A91706C2AF0F238007BC106 /* WorkUpUITestsLaunchTests.swift in Sources */,
				9A91706A2AF0F238007BC106 /* WorkUpUITests.swift in Sources */,
			);
			runOnlyForDeploymentPostprocessing = 0;
		};
/* End PBXSourcesBuildPhase section */

/* Begin PBXTargetDependency section */
		9A91705D2AF0F238007BC106 /* PBXTargetDependency */ = {
			isa = PBXTargetDependency;
			target = 9A91704A2AF0F231007BC106 /* WorkUp */;
			targetProxy = 9A91705C2AF0F238007BC106 /* PBXContainerItemProxy */;
		};
		9A9170672AF0F238007BC106 /* PBXTargetDependency */ = {
			isa = PBXTargetDependency;
			target = 9A91704A2AF0F231007BC106 /* WorkUp */;
			targetProxy = 9A9170662AF0F238007BC106 /* PBXContainerItemProxy */;
		};
/* End PBXTargetDependency section */

/* Begin XCBuildConfiguration section */
		9A91706D2AF0F238007BC106 /* Debug */ = {
			isa = XCBuildConfiguration;
			buildSettings = {
				ALWAYS_SEARCH_USER_PATHS = NO;
				ASSETCATALOG_COMPILER_GENERATE_SWIFT_ASSET_SYMBOL_EXTENSIONS = YES;
				CLANG_ANALYZER_NONNULL = YES;
				CLANG_ANALYZER_NUMBER_OBJECT_CONVERSION = YES_AGGRESSIVE;
				CLANG_CXX_LANGUAGE_STANDARD = "gnu++20";
				CLANG_ENABLE_MODULES = YES;
				CLANG_ENABLE_OBJC_ARC = YES;
				CLANG_ENABLE_OBJC_WEAK = YES;
				CLANG_WARN_BLOCK_CAPTURE_AUTORELEASING = YES;
				CLANG_WARN_BOOL_CONVERSION = YES;
				CLANG_WARN_COMMA = YES;
				CLANG_WARN_CONSTANT_CONVERSION = YES;
				CLANG_WARN_DEPRECATED_OBJC_IMPLEMENTATIONS = YES;
				CLANG_WARN_DIRECT_OBJC_ISA_USAGE = YES_ERROR;
				CLANG_WARN_DOCUMENTATION_COMMENTS = YES;
				CLANG_WARN_EMPTY_BODY = YES;
				CLANG_WARN_ENUM_CONVERSION = YES;
				CLANG_WARN_INFINITE_RECURSION = YES;
				CLANG_WARN_INT_CONVERSION = YES;
				CLANG_WARN_NON_LITERAL_NULL_CONVERSION = YES;
				CLANG_WARN_OBJC_IMPLICIT_RETAIN_SELF = YES;
				CLANG_WARN_OBJC_LITERAL_CONVERSION = YES;
				CLANG_WARN_OBJC_ROOT_CLASS = YES_ERROR;
				CLANG_WARN_QUOTED_INCLUDE_IN_FRAMEWORK_HEADER = YES;
				CLANG_WARN_RANGE_LOOP_ANALYSIS = YES;
				CLANG_WARN_STRICT_PROTOTYPES = YES;
				CLANG_WARN_SUSPICIOUS_MOVE = YES;
				CLANG_WARN_UNGUARDED_AVAILABILITY = YES_AGGRESSIVE;
				CLANG_WARN_UNREACHABLE_CODE = YES;
				CLANG_WARN__DUPLICATE_METHOD_MATCH = YES;
				COPY_PHASE_STRIP = NO;
				DEBUG_INFORMATION_FORMAT = dwarf;
				ENABLE_STRICT_OBJC_MSGSEND = YES;
				ENABLE_TESTABILITY = YES;
				ENABLE_USER_SCRIPT_SANDBOXING = YES;
				GCC_C_LANGUAGE_STANDARD = gnu17;
				GCC_DYNAMIC_NO_PIC = NO;
				GCC_NO_COMMON_BLOCKS = YES;
				GCC_OPTIMIZATION_LEVEL = 0;
				GCC_PREPROCESSOR_DEFINITIONS = (
					"DEBUG=1",
					"$(inherited)",
				);
				GCC_WARN_64_TO_32_BIT_CONVERSION = YES;
				GCC_WARN_ABOUT_RETURN_TYPE = YES_ERROR;
				GCC_WARN_UNDECLARED_SELECTOR = YES;
				GCC_WARN_UNINITIALIZED_AUTOS = YES_AGGRESSIVE;
				GCC_WARN_UNUSED_FUNCTION = YES;
				GCC_WARN_UNUSED_VARIABLE = YES;
				IPHONEOS_DEPLOYMENT_TARGET = 17.0;
				LOCALIZATION_PREFERS_STRING_CATALOGS = YES;
				MTL_ENABLE_DEBUG_INFO = INCLUDE_SOURCE;
				MTL_FAST_MATH = YES;
				ONLY_ACTIVE_ARCH = YES;
				SDKROOT = iphoneos;
				SWIFT_ACTIVE_COMPILATION_CONDITIONS = "DEBUG $(inherited)";
				SWIFT_OPTIMIZATION_LEVEL = "-Onone";
			};
			name = Debug;
		};
		9A91706E2AF0F238007BC106 /* Release */ = {
			isa = XCBuildConfiguration;
			buildSettings = {
				ALWAYS_SEARCH_USER_PATHS = NO;
				ASSETCATALOG_COMPILER_GENERATE_SWIFT_ASSET_SYMBOL_EXTENSIONS = YES;
				CLANG_ANALYZER_NONNULL = YES;
				CLANG_ANALYZER_NUMBER_OBJECT_CONVERSION = YES_AGGRESSIVE;
				CLANG_CXX_LANGUAGE_STANDARD = "gnu++20";
				CLANG_ENABLE_MODULES = YES;
				CLANG_ENABLE_OBJC_ARC = YES;
				CLANG_ENABLE_OBJC_WEAK = YES;
				CLANG_WARN_BLOCK_CAPTURE_AUTORELEASING = YES;
				CLANG_WARN_BOOL_CONVERSION = YES;
				CLANG_WARN_COMMA = YES;
				CLANG_WARN_CONSTANT_CONVERSION = YES;
				CLANG_WARN_DEPRECATED_OBJC_IMPLEMENTATIONS = YES;
				CLANG_WARN_DIRECT_OBJC_ISA_USAGE = YES_ERROR;
				CLANG_WARN_DOCUMENTATION_COMMENTS = YES;
				CLANG_WARN_EMPTY_BODY = YES;
				CLANG_WARN_ENUM_CONVERSION = YES;
				CLANG_WARN_INFINITE_RECURSION = YES;
				CLANG_WARN_INT_CONVERSION = YES;
				CLANG_WARN_NON_LITERAL_NULL_CONVERSION = YES;
				CLANG_WARN_OBJC_IMPLICIT_RETAIN_SELF = YES;
				CLANG_WARN_OBJC_LITERAL_CONVERSION = YES;
				CLANG_WARN_OBJC_ROOT_CLASS = YES_ERROR;
				CLANG_WARN_QUOTED_INCLUDE_IN_FRAMEWORK_HEADER = YES;
				CLANG_WARN_RANGE_LOOP_ANALYSIS = YES;
				CLANG_WARN_STRICT_PROTOTYPES = YES;
				CLANG_WARN_SUSPICIOUS_MOVE = YES;
				CLANG_WARN_UNGUARDED_AVAILABILITY = YES_AGGRESSIVE;
				CLANG_WARN_UNREACHABLE_CODE = YES;
				CLANG_WARN__DUPLICATE_METHOD_MATCH = YES;
				COPY_PHASE_STRIP = NO;
				DEBUG_INFORMATION_FORMAT = "dwarf-with-dsym";
				ENABLE_NS_ASSERTIONS = NO;
				ENABLE_STRICT_OBJC_MSGSEND = YES;
				ENABLE_USER_SCRIPT_SANDBOXING = YES;
				GCC_C_LANGUAGE_STANDARD = gnu17;
				GCC_NO_COMMON_BLOCKS = YES;
				GCC_WARN_64_TO_32_BIT_CONVERSION = YES;
				GCC_WARN_ABOUT_RETURN_TYPE = YES_ERROR;
				GCC_WARN_UNDECLARED_SELECTOR = YES;
				GCC_WARN_UNINITIALIZED_AUTOS = YES_AGGRESSIVE;
				GCC_WARN_UNUSED_FUNCTION = YES;
				GCC_WARN_UNUSED_VARIABLE = YES;
				IPHONEOS_DEPLOYMENT_TARGET = 17.0;
				LOCALIZATION_PREFERS_STRING_CATALOGS = YES;
				MTL_ENABLE_DEBUG_INFO = NO;
				MTL_FAST_MATH = YES;
				SDKROOT = iphoneos;
				SWIFT_COMPILATION_MODE = wholemodule;
				VALIDATE_PRODUCT = YES;
			};
			name = Release;
		};
		9A9170702AF0F238007BC106 /* Debug */ = {
			isa = XCBuildConfiguration;
			buildSettings = {
				ASSETCATALOG_COMPILER_APPICON_NAME = AppIcon;
				ASSETCATALOG_COMPILER_GLOBAL_ACCENT_COLOR_NAME = AccentColor;
				CODE_SIGN_STYLE = Automatic;
				CURRENT_PROJECT_VERSION = 1;
				DEVELOPMENT_ASSET_PATHS = "\"WorkUp/Preview Content\"";
				ENABLE_PREVIEWS = YES;
				GENERATE_INFOPLIST_FILE = YES;
				INFOPLIST_FILE = WorkUp/Info.plist;
				INFOPLIST_KEY_UIApplicationSceneManifest_Generation = YES;
				INFOPLIST_KEY_UIApplicationSupportsIndirectInputEvents = YES;
				INFOPLIST_KEY_UILaunchScreen_Generation = YES;
				INFOPLIST_KEY_UISupportedInterfaceOrientations_iPad = "UIInterfaceOrientationPortrait UIInterfaceOrientationPortraitUpsideDown UIInterfaceOrientationLandscapeLeft UIInterfaceOrientationLandscapeRight";
				INFOPLIST_KEY_UISupportedInterfaceOrientations_iPhone = "UIInterfaceOrientationPortrait UIInterfaceOrientationLandscapeLeft UIInterfaceOrientationLandscapeRight";
				LD_RUNPATH_SEARCH_PATHS = (
					"$(inherited)",
					"@executable_path/Frameworks",
				);
				MARKETING_VERSION = 1.0;
				PRODUCT_BUNDLE_IDENTIFIER = uh.WorkUp;
				PRODUCT_NAME = "$(TARGET_NAME)";
				SWIFT_EMIT_LOC_STRINGS = YES;
				SWIFT_VERSION = 5.0;
				TARGETED_DEVICE_FAMILY = "1,2";
			};
			name = Debug;
		};
		9A9170712AF0F238007BC106 /* Release */ = {
			isa = XCBuildConfiguration;
			buildSettings = {
				ASSETCATALOG_COMPILER_APPICON_NAME = AppIcon;
				ASSETCATALOG_COMPILER_GLOBAL_ACCENT_COLOR_NAME = AccentColor;
				CODE_SIGN_STYLE = Automatic;
				CURRENT_PROJECT_VERSION = 1;
				DEVELOPMENT_ASSET_PATHS = "\"WorkUp/Preview Content\"";
				ENABLE_PREVIEWS = YES;
				GENERATE_INFOPLIST_FILE = YES;
				INFOPLIST_FILE = WorkUp/Info.plist;
				INFOPLIST_KEY_UIApplicationSceneManifest_Generation = YES;
				INFOPLIST_KEY_UIApplicationSupportsIndirectInputEvents = YES;
				INFOPLIST_KEY_UILaunchScreen_Generation = YES;
				INFOPLIST_KEY_UISupportedInterfaceOrientations_iPad = "UIInterfaceOrientationPortrait UIInterfaceOrientationPortraitUpsideDown UIInterfaceOrientationLandscapeLeft UIInterfaceOrientationLandscapeRight";
				INFOPLIST_KEY_UISupportedInterfaceOrientations_iPhone = "UIInterfaceOrientationPortrait UIInterfaceOrientationLandscapeLeft UIInterfaceOrientationLandscapeRight";
				LD_RUNPATH_SEARCH_PATHS = (
					"$(inherited)",
					"@executable_path/Frameworks",
				);
				MARKETING_VERSION = 1.0;
				PRODUCT_BUNDLE_IDENTIFIER = uh.WorkUp;
				PRODUCT_NAME = "$(TARGET_NAME)";
				SWIFT_EMIT_LOC_STRINGS = YES;
				SWIFT_VERSION = 5.0;
				TARGETED_DEVICE_FAMILY = "1,2";
			};
			name = Release;
		};
		9A9170732AF0F238007BC106 /* Debug */ = {
			isa = XCBuildConfiguration;
			buildSettings = {
				ALWAYS_EMBED_SWIFT_STANDARD_LIBRARIES = YES;
				BUNDLE_LOADER = "$(TEST_HOST)";
				CODE_SIGN_STYLE = Automatic;
				CURRENT_PROJECT_VERSION = 1;
				GENERATE_INFOPLIST_FILE = YES;
				IPHONEOS_DEPLOYMENT_TARGET = 17.0;
				MARKETING_VERSION = 1.0;
				PRODUCT_BUNDLE_IDENTIFIER = uh.WorkUpTests;
				PRODUCT_NAME = "$(TARGET_NAME)";
				SWIFT_EMIT_LOC_STRINGS = NO;
				SWIFT_VERSION = 5.0;
				TARGETED_DEVICE_FAMILY = "1,2";
				TEST_HOST = "$(BUILT_PRODUCTS_DIR)/WorkUp.app/$(BUNDLE_EXECUTABLE_FOLDER_PATH)/WorkUp";
			};
			name = Debug;
		};
		9A9170742AF0F238007BC106 /* Release */ = {
			isa = XCBuildConfiguration;
			buildSettings = {
				ALWAYS_EMBED_SWIFT_STANDARD_LIBRARIES = YES;
				BUNDLE_LOADER = "$(TEST_HOST)";
				CODE_SIGN_STYLE = Automatic;
				CURRENT_PROJECT_VERSION = 1;
				GENERATE_INFOPLIST_FILE = YES;
				IPHONEOS_DEPLOYMENT_TARGET = 17.0;
				MARKETING_VERSION = 1.0;
				PRODUCT_BUNDLE_IDENTIFIER = uh.WorkUpTests;
				PRODUCT_NAME = "$(TARGET_NAME)";
				SWIFT_EMIT_LOC_STRINGS = NO;
				SWIFT_VERSION = 5.0;
				TARGETED_DEVICE_FAMILY = "1,2";
				TEST_HOST = "$(BUILT_PRODUCTS_DIR)/WorkUp.app/$(BUNDLE_EXECUTABLE_FOLDER_PATH)/WorkUp";
			};
			name = Release;
		};
		9A9170762AF0F238007BC106 /* Debug */ = {
			isa = XCBuildConfiguration;
			buildSettings = {
				ALWAYS_EMBED_SWIFT_STANDARD_LIBRARIES = YES;
				CODE_SIGN_STYLE = Automatic;
				CURRENT_PROJECT_VERSION = 1;
				GENERATE_INFOPLIST_FILE = YES;
				MARKETING_VERSION = 1.0;
				PRODUCT_BUNDLE_IDENTIFIER = uh.WorkUpUITests;
				PRODUCT_NAME = "$(TARGET_NAME)";
				SWIFT_EMIT_LOC_STRINGS = NO;
				SWIFT_VERSION = 5.0;
				TARGETED_DEVICE_FAMILY = "1,2";
				TEST_TARGET_NAME = WorkUp;
			};
			name = Debug;
		};
		9A9170772AF0F238007BC106 /* Release */ = {
			isa = XCBuildConfiguration;
			buildSettings = {
				ALWAYS_EMBED_SWIFT_STANDARD_LIBRARIES = YES;
				CODE_SIGN_STYLE = Automatic;
				CURRENT_PROJECT_VERSION = 1;
				GENERATE_INFOPLIST_FILE = YES;
				MARKETING_VERSION = 1.0;
				PRODUCT_BUNDLE_IDENTIFIER = uh.WorkUpUITests;
				PRODUCT_NAME = "$(TARGET_NAME)";
				SWIFT_EMIT_LOC_STRINGS = NO;
				SWIFT_VERSION = 5.0;
				TARGETED_DEVICE_FAMILY = "1,2";
				TEST_TARGET_NAME = WorkUp;
			};
			name = Release;
		};
/* End XCBuildConfiguration section */

/* Begin XCConfigurationList section */
		9A9170462AF0F231007BC106 /* Build configuration list for PBXProject "WorkUp" */ = {
			isa = XCConfigurationList;
			buildConfigurations = (
				9A91706D2AF0F238007BC106 /* Debug */,
				9A91706E2AF0F238007BC106 /* Release */,
			);
			defaultConfigurationIsVisible = 0;
			defaultConfigurationName = Release;
		};
		9A91706F2AF0F238007BC106 /* Build configuration list for PBXNativeTarget "WorkUp" */ = {
			isa = XCConfigurationList;
			buildConfigurations = (
				9A9170702AF0F238007BC106 /* Debug */,
				9A9170712AF0F238007BC106 /* Release */,
			);
			defaultConfigurationIsVisible = 0;
			defaultConfigurationName = Release;
		};
		9A9170722AF0F238007BC106 /* Build configuration list for PBXNativeTarget "WorkUpTests" */ = {
			isa = XCConfigurationList;
			buildConfigurations = (
				9A9170732AF0F238007BC106 /* Debug */,
				9A9170742AF0F238007BC106 /* Release */,
			);
			defaultConfigurationIsVisible = 0;
			defaultConfigurationName = Release;
		};
		9A9170752AF0F238007BC106 /* Build configuration list for PBXNativeTarget "WorkUpUITests" */ = {
			isa = XCConfigurationList;
			buildConfigurations = (
				9A9170762AF0F238007BC106 /* Debug */,
				9A9170772AF0F238007BC106 /* Release */,
			);
			defaultConfigurationIsVisible = 0;
			defaultConfigurationName = Release;
		};
/* End XCConfigurationList section */

/* Begin XCRemoteSwiftPackageReference section */
		9A83A1672B12ABFF00D703F3 /* XCRemoteSwiftPackageReference "firebase-ios-sdk" */ = {
			isa = XCRemoteSwiftPackageReference;
			repositoryURL = "https://github.com/firebase/firebase-ios-sdk";
			requirement = {
				kind = upToNextMajorVersion;
				minimumVersion = 10.18.0;
			};
		};
		9AA8C9F92AF194D500CC4948 /* XCRemoteSwiftPackageReference "FSCalendar" */ = {
			isa = XCRemoteSwiftPackageReference;
			repositoryURL = "https://github.com/WenchaoD/FSCalendar";
			requirement = {
				kind = upToNextMajorVersion;
				minimumVersion = 2.8.4;
			};
		};
/* End XCRemoteSwiftPackageReference section */

/* Begin XCSwiftPackageProductDependency section */
		9A83A1682B12ABFF00D703F3 /* FirebaseAnalytics */ = {
			isa = XCSwiftPackageProductDependency;
			package = 9A83A1672B12ABFF00D703F3 /* XCRemoteSwiftPackageReference "firebase-ios-sdk" */;
			productName = FirebaseAnalytics;
		};
		9A83A16A2B12BB9500D703F3 /* FirebaseAnalyticsSwift */ = {
			isa = XCSwiftPackageProductDependency;
			package = 9A83A1672B12ABFF00D703F3 /* XCRemoteSwiftPackageReference "firebase-ios-sdk" */;
			productName = FirebaseAnalyticsSwift;
		};
		9AA8C9FA2AF194D500CC4948 /* FSCalendar */ = {
			isa = XCSwiftPackageProductDependency;
			package = 9AA8C9F92AF194D500CC4948 /* XCRemoteSwiftPackageReference "FSCalendar" */;
			productName = FSCalendar;
		};
		9ADDFAC72B12EAF5008B9E7B /* FirebaseAuth */ = {
			isa = XCSwiftPackageProductDependency;
			package = 9A83A1672B12ABFF00D703F3 /* XCRemoteSwiftPackageReference "firebase-ios-sdk" */;
			productName = FirebaseAuth;
		};
		9ADDFACF2B16C0E6008B9E7B /* FirebaseFirestore */ = {
			isa = XCSwiftPackageProductDependency;
			package = 9A83A1672B12ABFF00D703F3 /* XCRemoteSwiftPackageReference "firebase-ios-sdk" */;
			productName = FirebaseFirestore;
		};
		9ADDFAD12B16C0E7008B9E7B /* FirebaseFirestoreSwift */ = {
			isa = XCSwiftPackageProductDependency;
			package = 9A83A1672B12ABFF00D703F3 /* XCRemoteSwiftPackageReference "firebase-ios-sdk" */;
			productName = FirebaseFirestoreSwift;
		};
/* End XCSwiftPackageProductDependency section */
	};
	rootObject = 9A9170432AF0F231007BC106 /* Project object */;
}
